<Solution>
  <Project Path="../TransactionAggregatorAPI.DataAccess/TransactionAggregatorAPI.DataAccess.csproj" />
  <Project Path="../TransactionAggregatorAPI.Domain/TransactionAggregatorAPI.Domain.csproj" />
  <Project Path="../TransactionAggregatorAPI.Tests/TransactionAggregatorAPI.Tests.csproj" />
  <Project Path="TransactionAggregatorAPI.API.csproj" />
</Solution>
